
Microsoft Visual Studio Solution File, Format Version 12.00
# Visual Studio Version 16
VisualStudioVersion = 16.0.30523.141
MinimumVisualStudioVersion = 10.0.40219.1
Project("{FAE04EC0-301F-11D3-BF4B-00C04F79EFBC}") = "ExperienceIT Final", "ExperienceIT Final\ExperienceIT Final.csproj", "{4E0EB2CC-1FA9-49E7-93F5-B9A5E309C8AF}"
EndProject
Global
	GlobalSection(SolutionConfigurationPlatforms) = preSolution
		Debug|Any CPU = Debug|Any CPU
		Release|Any CPU = Release|Any CPU
	EndGlobalSection
	GlobalSection(ProjectConfigurationPlatforms) = postSolution
		{4E0EB2CC-1FA9-49E7-93F5-B9A5E309C8AF}.Debug|Any CPU.ActiveCfg = Debug|Any CPU
		{4E0EB2CC-1FA9-49E7-93F5-B9A5E309C8AF}.Debug|Any CPU.Build.0 = Debug|Any CPU
		{4E0EB2CC-1FA9-49E7-93F5-B9A5E309C8AF}.Release|Any CPU.ActiveCfg = Release|Any CPU
		{4E0EB2CC-1FA9-49E7-93F5-B9A5E309C8AF}.Release|Any CPU.Build.0 = Release|Any CPU
	EndGlobalSection
	GlobalSection(SolutionProperties) = preSolution
		HideSolutionNode = FALSE
	EndGlobalSection
	GlobalSection(ExtensibilityGlobals) = postSolution
		SolutionGuid = {1F072DFE-6134-4D3F-BA73-FE8066D821C2}
	EndGlobalSection
EndGlobal
