
Microsoft Visual Studio Solution File, Format Version 12.00
# Visual Studio Version 16
VisualStudioVersion = 16.0.30523.141
MinimumVisualStudioVersion = 10.0.40219.1
Project("{FAE04EC0-301F-11D3-BF4B-00C04F79EFBC}") = "BookListRazor", "BookListRazor\BookListRazor.csproj", "{CBA91B81-20D6-4FFF-8B66-3F5CC5F467BE}"
EndProject
Global
	GlobalSection(SolutionConfigurationPlatforms) = preSolution
		Debug|Any CPU = Debug|Any CPU
		Release|Any CPU = Release|Any CPU
	EndGlobalSection
	GlobalSection(ProjectConfigurationPlatforms) = postSolution
		{CBA91B81-20D6-4FFF-8B66-3F5CC5F467BE}.Debug|Any CPU.ActiveCfg = Debug|Any CPU
		{CBA91B81-20D6-4FFF-8B66-3F5CC5F467BE}.Debug|Any CPU.Build.0 = Debug|Any CPU
		{CBA91B81-20D6-4FFF-8B66-3F5CC5F467BE}.Release|Any CPU.ActiveCfg = Release|Any CPU
		{CBA91B81-20D6-4FFF-8B66-3F5CC5F467BE}.Release|Any CPU.Build.0 = Release|Any CPU
	EndGlobalSection
	GlobalSection(SolutionProperties) = preSolution
		HideSolutionNode = FALSE
	EndGlobalSection
	GlobalSection(ExtensibilityGlobals) = postSolution
		SolutionGuid = {BA52C91A-5865-4B6A-9385-B0A6C12F4377}
	EndGlobalSection
EndGlobal
